// !$*UTF8*$!
{
	archiveVersion = 1;
	classes = {
	};
	objectVersion = 56;
	objects = {

/* Begin PBXBuildFile section */
		657F92E12BE7C5FF00D2DA43 /* AppDelegate.swift in Sources */ = {isa = PBXBuildFile; fileRef = 657F92E02BE7C5FF00D2DA43 /* AppDelegate.swift */; };
		657F92E32BE7C5FF00D2DA43 /* SceneDelegate.swift in Sources */ = {isa = PBXBuildFile; fileRef = 657F92E22BE7C5FF00D2DA43 /* SceneDelegate.swift */; };
		657F92E52BE7C5FF00D2DA43 /* ViewController.swift in Sources */ = {isa = PBXBuildFile; fileRef = 657F92E42BE7C5FF00D2DA43 /* ViewController.swift */; };
		657F92E82BE7C5FF00D2DA43 /* Base in Resources */ = {isa = PBXBuildFile; fileRef = 657F92E72BE7C5FF00D2DA43 /* Base */; };
		657F92EB2BE7C5FF00D2DA43 /* FavoriKonum.xcdatamodeld in Sources */ = {isa = PBXBuildFile; fileRef = 657F92E92BE7C5FF00D2DA43 /* FavoriKonum.xcdatamodeld */; };
		657F92ED2BE7C60000D2DA43 /* Assets.xcassets in Resources */ = {isa = PBXBuildFile; fileRef = 657F92EC2BE7C60000D2DA43 /* Assets.xcassets */; };
		657F92F02BE7C60000D2DA43 /* Base in Resources */ = {isa = PBXBuildFile; fileRef = 657F92EF2BE7C60000D2DA43 /* Base */; };
/* End PBXBuildFile section */

/* Begin PBXFileReference section */
		657F92DD2BE7C5FF00D2DA43 /* FavoriKonum.app */ = {isa = PBXFileReference; explicitFileType = wrapper.application; includeInIndex = 0; path = FavoriKonum.app; sourceTree = BUILT_PRODUCTS_DIR; };
		657F92E02BE7C5FF00D2DA43 /* AppDelegate.swift */ = {isa = PBXFileReference; lastKnownFileType = sourcecode.swift; path = AppDelegate.swift; sourceTree = "<group>"; };
		657F92E22BE7C5FF00D2DA43 /* SceneDelegate.swift */ = {isa = PBXFileReference; lastKnownFileType = sourcecode.swift; path = SceneDelegate.swift; sourceTree = "<group>"; };
		657F92E42BE7C5FF00D2DA43 /* ViewController.swift */ = {isa = PBXFileReference; lastKnownFileType = sourcecode.swift; path = ViewController.swift; sourceTree = "<group>"; };
		657F92E72BE7C5FF00D2DA43 /* Base */ = {isa = PBXFileReference; lastKnownFileType = file.storyboard; name = Base; path = Base.lproj/Main.storyboard; sourceTree = "<group>"; };
		657F92EA2BE7C5FF00D2DA43 /* FavoriKonum.xcdatamodel */ = {isa = PBXFileReference; lastKnownFileType = wrapper.xcdatamodel; path = FavoriKonum.xcdatamodel; sourceTree = "<group>"; };
		657F92EC2BE7C60000D2DA43 /* Assets.xcassets */ = {isa = PBXFileReference; lastKnownFileType = folder.assetcatalog; path = Assets.xcassets; sourceTree = "<group>"; };
		657F92EF2BE7C60000D2DA43 /* Base */ = {isa = PBXFileReference; lastKnownFileType = file.storyboard; name = Base; path = Base.lproj/LaunchScreen.storyboard; sourceTree = "<group>"; };
		657F92F12BE7C60000D2DA43 /* Info.plist */ = {isa = PBXFileReference; lastKnownFileType = text.plist.xml; path = Info.plist; sourceTree = "<group>"; };
/* End PBXFileReference section */

/* Begin PBXFrameworksBuildPhase section */
		657F92DA2BE7C5FF00D2DA43 /* Frameworks */ = {
			isa = PBXFrameworksBuildPhase;
			buildActionMask = 2147483647;
			files = (
			);
			runOnlyForDeploymentPostprocessing = 0;
		};
/* End PBXFrameworksBuildPhase section */

/* Begin PBXGroup section */
		657F92D42BE7C5FF00D2DA43 = {
			isa = PBXGroup;
			children = (
				657F92DF2BE7C5FF00D2DA43 /* FavoriKonum */,
				657F92DE2BE7C5FF00D2DA43 /* Products */,
			);
			sourceTree = "<group>";
		};
		657F92DE2BE7C5FF00D2DA43 /* Products */ = {
			isa = PBXGroup;
			children = (
				657F92DD2BE7C5FF00D2DA43 /* FavoriKonum.app */,
			);
			name = Products;
			sourceTree = "<group>";
		};
		657F92DF2BE7C5FF00D2DA43 /* FavoriKonum */ = {
			isa = PBXGroup;
			children = (
				657F92E02BE7C5FF00D2DA43 /* AppDelegate.swift */,
				657F92E22BE7C5FF00D2DA43 /* SceneDelegate.swift */,
				657F92E42BE7C5FF00D2DA43 /* ViewController.swift */,
				657F92E62BE7C5FF00D2DA43 /* Main.storyboard */,
				657F92EC2BE7C60000D2DA43 /* Assets.xcassets */,
				657F92EE2BE7C60000D2DA43 /* LaunchScreen.storyboard */,
				657F92F12BE7C60000D2DA43 /* Info.plist */,
				657F92E92BE7C5FF00D2DA43 /* FavoriKonum.xcdatamodeld */,
			);
			path = FavoriKonum;
			sourceTree = "<group>";
		};
/* End PBXGroup section */

/* Begin PBXNativeTarget section */
		657F92DC2BE7C5FF00D2DA43 /* FavoriKonum */ = {
			isa = PBXNativeTarget;
			buildConfigurationList = 657F92F42BE7C60000D2DA43 /* Build configuration list for PBXNativeTarget "FavoriKonum" */;
			buildPhases = (
				657F92D92BE7C5FF00D2DA43 /* Sources */,
				657F92DA2BE7C5FF00D2DA43 /* Frameworks */,
				657F92DB2BE7C5FF00D2DA43 /* Resources */,
			);
			buildRules = (
			);
			dependencies = (
			);
			name = FavoriKonum;
			productName = FavoriKonum;
			productReference = 657F92DD2BE7C5FF00D2DA43 /* FavoriKonum.app */;
			productType = "com.apple.product-type.application";
		};
/* End PBXNativeTarget section */

/* Begin PBXProject section */
		657F92D52BE7C5FF00D2DA43 /* Project object */ = {
			isa = PBXProject;
			attributes = {
				BuildIndependentTargetsInParallel = 1;
				LastSwiftUpdateCheck = 1530;
				LastUpgradeCheck = 1530;
				TargetAttributes = {
					657F92DC2BE7C5FF00D2DA43 = {
						CreatedOnToolsVersion = 15.3;
					};
				};
			};
			buildConfigurationList = 657F92D82BE7C5FF00D2DA43 /* Build configuration list for PBXProject "FavoriKonum" */;
			compatibilityVersion = "Xcode 14.0";
			developmentRegion = en;
			hasScannedForEncodings = 0;
			knownRegions = (
				en,
				Base,
			);
			mainGroup = 657F92D42BE7C5FF00D2DA43;
			productRefGroup = 657F92DE2BE7C5FF00D2DA43 /* Products */;
			projectDirPath = "";
			projectRoot = "";
			targets = (
				657F92DC2BE7C5FF00D2DA43 /* FavoriKonum */,
			);
		};
/* End PBXProject section */

/* Begin PBXResourcesBuildPhase section */
		657F92DB2BE7C5FF00D2DA43 /* Resources */ = {
			isa = PBXResourcesBuildPhase;
			buildActionMask = 2147483647;
			files = (
				657F92ED2BE7C60000D2DA43 /* Assets.xcassets in Resources */,
				657F92F02BE7C60000D2DA43 /* Base in Resources */,
				657F92E82BE7C5FF00D2DA43 /* Base in Resources */,
			);
			runOnlyForDeploymentPostprocessing = 0;
		};
/* End PBXResourcesBuildPhase section */

/* Begin PBXSourcesBuildPhase section */
		657F92D92BE7C5FF00D2DA43 /* Sources */ = {
			isa = PBXSourcesBuildPhase;
			buildActionMask = 2147483647;
			files = (
				657F92E52BE7C5FF00D2DA43 /* ViewController.swift in Sources */,
				657F92EB2BE7C5FF00D2DA43 /* FavoriKonum.xcdatamodeld in Sources */,
				657F92E12BE7C5FF00D2DA43 /* AppDelegate.swift in Sources */,
				657F92E32BE7C5FF00D2DA43 /* SceneDelegate.swift in Sources */,
			);
			runOnlyForDeploymentPostprocessing = 0;
		};
/* End PBXSourcesBuildPhase section */

/* Begin PBXVariantGroup section */
		657F92E62BE7C5FF00D2DA43 /* Main.storyboard */ = {
			isa = PBXVariantGroup;
			children = (
				657F92E72BE7C5FF00D2DA43 /* Base */,
			);
			name = Main.storyboard;
			sourceTree = "<group>";
		};
		657F92EE2BE7C60000D2DA43 /* LaunchScreen.storyboard */ = {
			isa = PBXVariantGroup;
			children = (
				657F92EF2BE7C60000D2DA43 /* Base */,
			);
			name = LaunchScreen.storyboard;
			sourceTree = "<group>";
		};
/* End PBXVariantGroup section */

/* Begin XCBuildConfiguration section */
		657F92F22BE7C60000D2DA43 /* Debug */ = {
			isa = XCBuildConfiguration;
			buildSettings = {
				ALWAYS_SEARCH_USER_PATHS = NO;
				ASSETCATALOG_COMPILER_GENERATE_SWIFT_ASSET_SYMBOL_EXTENSIONS = YES;
				CLANG_ANALYZER_NONNULL = YES;
				CLANG_ANALYZER_NUMBER_OBJECT_CONVERSION = YES_AGGRESSIVE;
				CLANG_CXX_LANGUAGE_STANDARD = "gnu++20";
				CLANG_ENABLE_MODULES = YES;
				CLANG_ENABLE_OBJC_ARC = YES;
				CLANG_ENABLE_OBJC_WEAK = YES;
				CLANG_WARN_BLOCK_CAPTURE_AUTORELEASING = YES;
				CLANG_WARN_BOOL_CONVERSION = YES;
				CLANG_WARN_COMMA = YES;
				CLANG_WARN_CONSTANT_CONVERSION = YES;
				CLANG_WARN_DEPRECATED_OBJC_IMPLEMENTATIONS = YES;
				CLANG_WARN_DIRECT_OBJC_ISA_USAGE = YES_ERROR;
				CLANG_WARN_DOCUMENTATION_COMMENTS = YES;
				CLANG_WARN_EMPTY_BODY = YES;
				CLANG_WARN_ENUM_CONVERSION = YES;
				CLANG_WARN_INFINITE_RECURSION = YES;
				CLANG_WARN_INT_CONVERSION = YES;
				CLANG_WARN_NON_LITERAL_NULL_CONVERSION = YES;
				CLANG_WARN_OBJC_IMPLICIT_RETAIN_SELF = YES;
				CLANG_WARN_OBJC_LITERAL_CONVERSION = YES;
				CLANG_WARN_OBJC_ROOT_CLASS = YES_ERROR;
				CLANG_WARN_QUOTED_INCLUDE_IN_FRAMEWORK_HEADER = YES;
				CLANG_WARN_RANGE_LOOP_ANALYSIS = YES;
				CLANG_WARN_STRICT_PROTOTYPES = YES;
				CLANG_WARN_SUSPICIOUS_MOVE = YES;
				CLANG_WARN_UNGUARDED_AVAILABILITY = YES_AGGRESSIVE;
				CLANG_WARN_UNREACHABLE_CODE = YES;
				CLANG_WARN__DUPLICATE_METHOD_MATCH = YES;
				COPY_PHASE_STRIP = NO;
				DEBUG_INFORMATION_FORMAT = dwarf;
				ENABLE_STRICT_OBJC_MSGSEND = YES;
				ENABLE_TESTABILITY = YES;
				ENABLE_USER_SCRIPT_SANDBOXING = YES;
				GCC_C_LANGUAGE_STANDARD = gnu17;
				GCC_DYNAMIC_NO_PIC = NO;
				GCC_NO_COMMON_BLOCKS = YES;
				GCC_OPTIMIZATION_LEVEL = 0;
				GCC_PREPROCESSOR_DEFINITIONS = (
					"DEBUG=1",
					"$(inherited)",
				);
				GCC_WARN_64_TO_32_BIT_CONVERSION = YES;
				GCC_WARN_ABOUT_RETURN_TYPE = YES_ERROR;
				GCC_WARN_UNDECLARED_SELECTOR = YES;
				GCC_WARN_UNINITIALIZED_AUTOS = YES_AGGRESSIVE;
				GCC_WARN_UNUSED_FUNCTION = YES;
				GCC_WARN_UNUSED_VARIABLE = YES;
				IPHONEOS_DEPLOYMENT_TARGET = 17.4;
				LOCALIZATION_PREFERS_STRING_CATALOGS = YES;
				MTL_ENABLE_DEBUG_INFO = INCLUDE_SOURCE;
				MTL_FAST_MATH = YES;
				ONLY_ACTIVE_ARCH = YES;
				SDKROOT = iphoneos;
				SWIFT_ACTIVE_COMPILATION_CONDITIONS = "DEBUG $(inherited)";
				SWIFT_OPTIMIZATION_LEVEL = "-Onone";
			};
			name = Debug;
		};
		657F92F32BE7C60000D2DA43 /* Release */ = {
			isa = XCBuildConfiguration;
			buildSettings = {
				ALWAYS_SEARCH_USER_PATHS = NO;
				ASSETCATALOG_COMPILER_GENERATE_SWIFT_ASSET_SYMBOL_EXTENSIONS = YES;
				CLANG_ANALYZER_NONNULL = YES;
				CLANG_ANALYZER_NUMBER_OBJECT_CONVERSION = YES_AGGRESSIVE;
				CLANG_CXX_LANGUAGE_STANDARD = "gnu++20";
				CLANG_ENABLE_MODULES = YES;
				CLANG_ENABLE_OBJC_ARC = YES;
				CLANG_ENABLE_OBJC_WEAK = YES;
				CLANG_WARN_BLOCK_CAPTURE_AUTORELEASING = YES;
				CLANG_WARN_BOOL_CONVERSION = YES;
				CLANG_WARN_COMMA = YES;
				CLANG_WARN_CONSTANT_CONVERSION = YES;
				CLANG_WARN_DEPRECATED_OBJC_IMPLEMENTATIONS = YES;
				CLANG_WARN_DIRECT_OBJC_ISA_USAGE = YES_ERROR;
				CLANG_WARN_DOCUMENTATION_COMMENTS = YES;
				CLANG_WARN_EMPTY_BODY = YES;
				CLANG_WARN_ENUM_CONVERSION = YES;
				CLANG_WARN_INFINITE_RECURSION = YES;
				CLANG_WARN_INT_CONVERSION = YES;
				CLANG_WARN_NON_LITERAL_NULL_CONVERSION = YES;
				CLANG_WARN_OBJC_IMPLICIT_RETAIN_SELF = YES;
				CLANG_WARN_OBJC_LITERAL_CONVERSION = YES;
				CLANG_WARN_OBJC_ROOT_CLASS = YES_ERROR;
				CLANG_WARN_QUOTED_INCLUDE_IN_FRAMEWORK_HEADER = YES;
				CLANG_WARN_RANGE_LOOP_ANALYSIS = YES;
				CLANG_WARN_STRICT_PROTOTYPES = YES;
				CLANG_WARN_SUSPICIOUS_MOVE = YES;
				CLANG_WARN_UNGUARDED_AVAILABILITY = YES_AGGRESSIVE;
				CLANG_WARN_UNREACHABLE_CODE = YES;
				CLANG_WARN__DUPLICATE_METHOD_MATCH = YES;
				COPY_PHASE_STRIP = NO;
				DEBUG_INFORMATION_FORMAT = "dwarf-with-dsym";
				ENABLE_NS_ASSERTIONS = NO;
				ENABLE_STRICT_OBJC_MSGSEND = YES;
				ENABLE_USER_SCRIPT_SANDBOXING = YES;
				GCC_C_LANGUAGE_STANDARD = gnu17;
				GCC_NO_COMMON_BLOCKS = YES;
				GCC_WARN_64_TO_32_BIT_CONVERSION = YES;
				GCC_WARN_ABOUT_RETURN_TYPE = YES_ERROR;
				GCC_WARN_UNDECLARED_SELECTOR = YES;
				GCC_WARN_UNINITIALIZED_AUTOS = YES_AGGRESSIVE;
				GCC_WARN_UNUSED_FUNCTION = YES;
				GCC_WARN_UNUSED_VARIABLE = YES;
				IPHONEOS_DEPLOYMENT_TARGET = 17.4;
				LOCALIZATION_PREFERS_STRING_CATALOGS = YES;
				MTL_ENABLE_DEBUG_INFO = NO;
				MTL_FAST_MATH = YES;
				SDKROOT = iphoneos;
				SWIFT_COMPILATION_MODE = wholemodule;
				VALIDATE_PRODUCT = YES;
			};
			name = Release;
		};
		657F92F52BE7C60000D2DA43 /* Debug */ = {
			isa = XCBuildConfiguration;
			buildSettings = {
				ASSETCATALOG_COMPILER_APPICON_NAME = AppIcon;
				ASSETCATALOG_COMPILER_GLOBAL_ACCENT_COLOR_NAME = AccentColor;
				CODE_SIGN_STYLE = Automatic;
				CURRENT_PROJECT_VERSION = 1;
				DEVELOPMENT_TEAM = 2BJUT72GH8;
				GENERATE_INFOPLIST_FILE = YES;
				INFOPLIST_FILE = FavoriKonum/Info.plist;
				INFOPLIST_KEY_UIApplicationSupportsIndirectInputEvents = YES;
				INFOPLIST_KEY_UILaunchStoryboardName = LaunchScreen;
				INFOPLIST_KEY_UIMainStoryboardFile = Main;
				INFOPLIST_KEY_UISupportedInterfaceOrientations_iPad = "UIInterfaceOrientationPortrait UIInterfaceOrientationPortraitUpsideDown UIInterfaceOrientationLandscapeLeft UIInterfaceOrientationLandscapeRight";
				INFOPLIST_KEY_UISupportedInterfaceOrientations_iPhone = "UIInterfaceOrientationPortrait UIInterfaceOrientationLandscapeLeft UIInterfaceOrientationLandscapeRight";
				LD_RUNPATH_SEARCH_PATHS = (
					"$(inherited)",
					"@executable_path/Frameworks",
				);
				MARKETING_VERSION = 1.0;
				PRODUCT_BUNDLE_IDENTIFIER = feyzullahdurasi.FavoriKonum;
				PRODUCT_NAME = "$(TARGET_NAME)";
				SWIFT_EMIT_LOC_STRINGS = YES;
				SWIFT_VERSION = 5.0;
				TARGETED_DEVICE_FAMILY = "1,2";
			};
			name = Debug;
		};
		657F92F62BE7C60000D2DA43 /* Release */ = {
			isa = XCBuildConfiguration;
			buildSettings = {
				ASSETCATALOG_COMPILER_APPICON_NAME = AppIcon;
				ASSETCATALOG_COMPILER_GLOBAL_ACCENT_COLOR_NAME = AccentColor;
				CODE_SIGN_STYLE = Automatic;
				CURRENT_PROJECT_VERSION = 1;
				DEVELOPMENT_TEAM = 2BJUT72GH8;
				GENERATE_INFOPLIST_FILE = YES;
				INFOPLIST_FILE = FavoriKonum/Info.plist;
				INFOPLIST_KEY_UIApplicationSupportsIndirectInputEvents = YES;
				INFOPLIST_KEY_UILaunchStoryboardName = LaunchScreen;
				INFOPLIST_KEY_UIMainStoryboardFile = Main;
				INFOPLIST_KEY_UISupportedInterfaceOrientations_iPad = "UIInterfaceOrientationPortrait UIInterfaceOrientationPortraitUpsideDown UIInterfaceOrientationLandscapeLeft UIInterfaceOrientationLandscapeRight";
				INFOPLIST_KEY_UISupportedInterfaceOrientations_iPhone = "UIInterfaceOrientationPortrait UIInterfaceOrientationLandscapeLeft UIInterfaceOrientationLandscapeRight";
				LD_RUNPATH_SEARCH_PATHS = (
					"$(inherited)",
					"@executable_path/Frameworks",
				);
				MARKETING_VERSION = 1.0;
				PRODUCT_BUNDLE_IDENTIFIER = feyzullahdurasi.FavoriKonum;
				PRODUCT_NAME = "$(TARGET_NAME)";
				SWIFT_EMIT_LOC_STRINGS = YES;
				SWIFT_VERSION = 5.0;
				TARGETED_DEVICE_FAMILY = "1,2";
			};
			name = Release;
		};
/* End XCBuildConfiguration section */

/* Begin XCConfigurationList section */
		657F92D82BE7C5FF00D2DA43 /* Build configuration list for PBXProject "FavoriKonum" */ = {
			isa = XCConfigurationList;
			buildConfigurations = (
				657F92F22BE7C60000D2DA43 /* Debug */,
				657F92F32BE7C60000D2DA43 /* Release */,
			);
			defaultConfigurationIsVisible = 0;
			defaultConfigurationName = Release;
		};
		657F92F42BE7C60000D2DA43 /* Build configuration list for PBXNativeTarget "FavoriKonum" */ = {
			isa = XCConfigurationList;
			buildConfigurations = (
				657F92F52BE7C60000D2DA43 /* Debug */,
				657F92F62BE7C60000D2DA43 /* Release */,
			);
			defaultConfigurationIsVisible = 0;
			defaultConfigurationName = Release;
		};
/* End XCConfigurationList section */

/* Begin XCVersionGroup section */
		657F92E92BE7C5FF00D2DA43 /* FavoriKonum.xcdatamodeld */ = {
			isa = XCVersionGroup;
			children = (
				657F92EA2BE7C5FF00D2DA43 /* FavoriKonum.xcdatamodel */,
			);
			currentVersion = 657F92EA2BE7C5FF00D2DA43 /* FavoriKonum.xcdatamodel */;
			path = FavoriKonum.xcdatamodeld;
			sourceTree = "<group>";
			versionGroupType = wrapper.xcdatamodel;
		};
/* End XCVersionGroup section */
	};
	rootObject = 657F92D52BE7C5FF00D2DA43 /* Project object */;
}
